{
  "name": "@ffly4u/vue2-leaflet-tocoordinates",
  "version": "1.0.2",
  "lockfileVersion": 1,
  "requires": true,
  "dependencies": {
    "@babel/runtime": {
      "version": "7.7.2",
      "resolved": "https://registry.npmjs.org/@babel/runtime/-/runtime-7.7.2.tgz",
      "integrity": "sha512-JONRbXbTXc9WQE2mAZd1p0Z3DZ/6vaQIkgYMSTP3KjRCyd7rCZCcfhCyX+YjwcKxcZ82UrxbRD358bpExNgrjw==",
      "requires": {
        "regenerator-runtime": "^0.13.2"
      }
    },
    "@ffly4u/leaflet-tocoordinates": {
      "version": "1.0.0",
      "resolved": "https://registry.npmjs.org/@ffly4u/leaflet-tocoordinates/-/leaflet-tocoordinates-1.0.0.tgz",
      "integrity": "sha512-9c7BWYzSntymPvF52ho96mSqjCTeZOWQ2EPsGEKI305dfItMcyEMd0mOlPrHqbkhkUEkXgjZjUc9N72jDBk00g==",
      "requires": {
        "@babel/runtime": "^7.7.2"
      }
    },
    "regenerator-runtime": {
      "version": "0.13.3",
      "resolved": "https://registry.npmjs.org/regenerator-runtime/-/regenerator-runtime-0.13.3.tgz",
      "integrity": "sha512-naKIZz2GQ8JWh///G7L3X6LaQUAMp2lvb1rvwwsURe/VXwD6VMfr+/1NuNw3ag8v2kY1aQ/go5SNn79O9JU7yw=="
    },
    "vue2-leaflet": {
      "version": "2.2.1",
      "resolved": "https://registry.npmjs.org/vue2-leaflet/-/vue2-leaflet-2.2.1.tgz",
      "integrity": "sha512-yBB3Ilv9LTszNn/uxUATq8+Ahw/1FqIasdQehb9m1tJ5T9qeEk8Fr9a6uLzvR+zuz88rnEQVo7/iGUd96E7iLg=="
    }
  }
}
